<?xml version="1.0" encoding="utf-8"?>
<Project ToolsVersion="4.0" xmlns="http://schemas.microsoft.com/developer/msbuild/2003">
  <ItemGroup>
    <ClCompile Include="PlayScene.cpp">
      <Filter>ソースファイル\Scenes</Filter>
    </ClCompile>
    <ClCompile Include="ResultScene.cpp">
      <Filter>ソースファイル\Scenes</Filter>
    </ClCompile>
    <ClCompile Include="TitleScene.cpp">
      <Filter>ソースファイル\Scenes</Filter>
    </ClCompile>
    <ClCompile Include="SceneBase.cpp">
      <Filter>ソースファイル\Scenes</Filter>
    </ClCompile>
    <ClCompile Include="Collision.cpp">
      <Filter>ソースファイル\Map</Filter>
    </ClCompile>
    <ClCompile Include="Map.cpp">
      <Filter>ソースファイル\Map</Filter>
    </ClCompile>
    <ClCompile Include="main.cpp">
      <Filter>ソースファイル</Filter>
    </ClCompile>
    <ClCompile Include="Scroll.cpp">
      <Filter>ソースファイル\Map</Filter>
    </ClCompile>
    <ClCompile Include="BackGround.cpp">
      <Filter>ソースファイル\BackGround</Filter>
    </ClCompile>
    <ClCompile Include="Monster\Bat.cpp">
      <Filter>ソースファイル\Monster</Filter>
    </ClCompile>
    <ClCompile Include="Monster\Golem.cpp">
      <Filter>ソースファイル\Monster</Filter>
    </ClCompile>
    <ClCompile Include="Monster\Monster.cpp">
      <Filter>ソースファイル\Monster</Filter>
    </ClCompile>
    <ClCompile Include="Monster\Skeleton.cpp">
      <Filter>ソースファイル\Monster</Filter>
    </ClCompile>
    <ClCompile Include="Monster\Slime.cpp">
      <Filter>ソースファイル\Monster</Filter>
    </ClCompile>
    <ClCompile Include="Manager\MonsterManager.cpp">
      <Filter>ソースファイル\Manager</Filter>
    </ClCompile>
    <ClCompile Include="BulletNumber.cpp">
      <Filter>ソースファイル\Scenes</Filter>
    </ClCompile>
    <ClCompile Include="SkeltonBlock.cpp">
      <Filter>ソースファイル\Map</Filter>
    </ClCompile>
    <ClCompile Include="Player.cpp">
      <Filter>ソースファイル\GameObject\Player</Filter>
    </ClCompile>
    <ClCompile Include="Bullet.cpp">
      <Filter>ソースファイル\GameObject\Bullet</Filter>
    </ClCompile>
    <ClCompile Include="Button.cpp">
      <Filter>ソースファイル\GameObject\Button</Filter>
    </ClCompile>
    <ClCompile Include="ShotDummy.cpp">
      <Filter>ソースファイル\GameObject\ShotDummy</Filter>
    </ClCompile>
    <ClCompile Include="GameObject.cpp">
      <Filter>ソースファイル\GameObject</Filter>
    </ClCompile>
    <ClCompile Include="GameObjectManager.cpp">
      <Filter>ソースファイル\GameObject\GameObjectManager</Filter>
    </ClCompile>
    <ClCompile Include="Math\Math.cpp">
      <Filter>ソースファイル\Math</Filter>
    </ClCompile>
  </ItemGroup>
  <ItemGroup>
    <ClInclude Include="PlayScene.h">
      <Filter>ソースファイル\Scenes</Filter>
    </ClInclude>
    <ClInclude Include="TitleScene.h">
      <Filter>ソースファイル\Scenes</Filter>
    </ClInclude>
    <ClInclude Include="SceneBase.h">
      <Filter>ソースファイル\Scenes</Filter>
    </ClInclude>
    <ClInclude Include="ResultScene.h">
      <Filter>ソースファイル\Scenes</Filter>
    </ClInclude>
    <ClInclude Include="Collision.h">
      <Filter>ソースファイル\Map</Filter>
    </ClInclude>
    <ClInclude Include="Map.h">
      <Filter>ソースファイル\Map</Filter>
    </ClInclude>
    <ClInclude Include="Scroll.h">
      <Filter>ソースファイル\Map</Filter>
    </ClInclude>
    <ClInclude Include="BackGround.h">
      <Filter>ソースファイル\BackGround</Filter>
    </ClInclude>
    <ClInclude Include="Monster\Bat.h">
      <Filter>ソースファイル\Monster</Filter>
    </ClInclude>
    <ClInclude Include="Monster\Golem.h">
      <Filter>ソースファイル\Monster</Filter>
    </ClInclude>
    <ClInclude Include="Monster\Monster.h">
      <Filter>ソースファイル\Monster</Filter>
    </ClInclude>
    <ClInclude Include="Monster\monsterInfo.h">
      <Filter>ソースファイル\Monster</Filter>
    </ClInclude>
    <ClInclude Include="Monster\Skeleton.h">
      <Filter>ソースファイル\Monster</Filter>
    </ClInclude>
    <ClInclude Include="Monster\Slime.h">
      <Filter>ソースファイル\Monster</Filter>
    </ClInclude>
    <ClInclude Include="Manager\MonsterManager.h">
      <Filter>ソースファイル\Manager</Filter>
    </ClInclude>
    <ClInclude Include="BulletNumber.h">
      <Filter>ソースファイル\Scenes</Filter>
    </ClInclude>
    <ClInclude Include="SkeltonBlock.h">
      <Filter>ソースファイル\Map</Filter>
    </ClInclude>
    <ClInclude Include="Player.h">
      <Filter>ソースファイル\GameObject\Player</Filter>
    </ClInclude>
    <ClInclude Include="Bullet.h">
      <Filter>ソースファイル\GameObject\Bullet</Filter>
    </ClInclude>
    <ClInclude Include="Button.h">
      <Filter>ソースファイル\GameObject\Button</Filter>
    </ClInclude>
    <ClInclude Include="ShotDummy.h">
      <Filter>ソースファイル\GameObject\ShotDummy</Filter>
    </ClInclude>
    <ClInclude Include="GameObject.h">
      <Filter>ソースファイル\GameObject</Filter>
    </ClInclude>
    <ClInclude Include="GameObjectTag.h">
      <Filter>ソースファイル\GameObject</Filter>
    </ClInclude>
    <ClInclude Include="GameObjectManager.h">
      <Filter>ソースファイル\GameObject\GameObjectManager</Filter>
    </ClInclude>
    <ClInclude Include="CollisionType.h">
      <Filter>ソースファイル\Map</Filter>
    </ClInclude>
    <ClInclude Include="Math\Math.h">
      <Filter>ソースファイル\Math</Filter>
    </ClInclude>
  </ItemGroup>
  <ItemGroup>
    <Filter Include="ソースファイル">
      <UniqueIdentifier>{94b858ba-e9dd-47c1-9ec2-4dc170bf736f}</UniqueIdentifier>
    </Filter>
    <Filter Include="ソースファイル\Scenes">
      <UniqueIdentifier>{3d364e8b-8cdb-4f01-90b0-1df6bfc2e0d1}</UniqueIdentifier>
    </Filter>
    <Filter Include="ソースファイル\Map">
      <UniqueIdentifier>{723f6fe4-e00a-43c9-b771-e1e3bba75fd0}</UniqueIdentifier>
    </Filter>
    <Filter Include="ソースファイル\BackGround">
      <UniqueIdentifier>{47ffc74b-f501-41a8-96ee-44af9a769e92}</UniqueIdentifier>
    </Filter>
    <Filter Include="ソースファイル\Monster">
      <UniqueIdentifier>{9955927a-00e5-43e4-aa3e-990a2f77a8a1}</UniqueIdentifier>
    </Filter>
    <Filter Include="ソースファイル\Manager">
      <UniqueIdentifier>{fb128ec5-c347-49f9-a3b6-559628910c8b}</UniqueIdentifier>
    </Filter>
    <Filter Include="ソースファイル\GameObject">
      <UniqueIdentifier>{093f7e0e-0246-4bdb-b7e0-49c65bd2250e}</UniqueIdentifier>
    </Filter>
    <Filter Include="ソースファイル\GameObject\Player">
      <UniqueIdentifier>{54d5386f-208d-43f9-a2b7-c0d642fc4712}</UniqueIdentifier>
    </Filter>
    <Filter Include="ソースファイル\GameObject\Bullet">
      <UniqueIdentifier>{98b63a99-30f4-4d2a-a8e9-cd05975a6a91}</UniqueIdentifier>
    </Filter>
    <Filter Include="ソースファイル\GameObject\Button">
      <UniqueIdentifier>{98927a81-a8fd-4d6c-ae46-b31cfeb18bbb}</UniqueIdentifier>
    </Filter>
    <Filter Include="ソースファイル\GameObject\ShotDummy">
      <UniqueIdentifier>{d596f5b7-790e-47f8-a5a5-124df959c654}</UniqueIdentifier>
    </Filter>
    <Filter Include="ソースファイル\GameObject\GameObjectManager">
      <UniqueIdentifier>{d4a6aeec-4e1b-4058-8d33-17f5d88cfbf2}</UniqueIdentifier>
    </Filter>
    <Filter Include="ソースファイル\Math">
      <UniqueIdentifier>{92eb80e3-1eef-47a5-98d8-2a08a601f5ad}</UniqueIdentifier>
    </Filter>
  </ItemGroup>
</Project>