<?xml version="1.0" encoding="utf-8"?>
<Project ToolsVersion="4.0" xmlns="http://schemas.microsoft.com/developer/msbuild/2003">
  <ItemGroup>
    <ClCompile Include="MonsterManager.cpp">
      <Filter>ソースファイル\Monsters</Filter>
    </ClCompile>
    <ClCompile Include="Orc.cpp">
      <Filter>ソースファイル\Monsters</Filter>
    </ClCompile>
    <ClCompile Include="Slime.cpp">
      <Filter>ソースファイル\Monsters</Filter>
    </ClCompile>
    <ClCompile Include="Skeleton.cpp">
      <Filter>ソースファイル\Monsters</Filter>
    </ClCompile>
    <ClCompile Include="PlayScene.cpp">
      <Filter>ソースファイル\Scenes</Filter>
    </ClCompile>
    <ClCompile Include="BaseMonster.cpp">
      <Filter>ソースファイル\Monsters</Filter>
    </ClCompile>
    <ClCompile Include="Bat.cpp">
      <Filter>ソースファイル\Monsters</Filter>
    </ClCompile>
    <ClCompile Include="ResultScene.cpp">
      <Filter>ソースファイル\Scenes</Filter>
    </ClCompile>
    <ClCompile Include="TitleScene.cpp">
      <Filter>ソースファイル\Scenes</Filter>
    </ClCompile>
    <ClCompile Include="SceneBase.cpp">
      <Filter>ソースファイル\Scenes</Filter>
    </ClCompile>
    <ClCompile Include="Player.cpp">
      <Filter>ソースファイル\Player</Filter>
    </ClCompile>
    <ClCompile Include="Collision.cpp">
      <Filter>ソースファイル\Map</Filter>
    </ClCompile>
    <ClCompile Include="Map.cpp">
      <Filter>ソースファイル\Map</Filter>
    </ClCompile>
    <ClCompile Include="main.cpp">
      <Filter>ソースファイル</Filter>
    </ClCompile>
    <ClCompile Include="Bullet.cpp">
      <Filter>ソースファイル\Player</Filter>
    </ClCompile>
    <ClCompile Include="PlayerObject.cpp">
      <Filter>ソースファイル\Player</Filter>
    </ClCompile>
    <ClCompile Include="PlayerObjectManager.cpp">
      <Filter>ソースファイル\Player</Filter>
    </ClCompile>
    <ClCompile Include="Scroll.cpp">
      <Filter>ソースファイル\Map</Filter>
    </ClCompile>
  </ItemGroup>
  <ItemGroup>
    <ClInclude Include="monsterInfo.h">
      <Filter>ソースファイル\Monsters</Filter>
    </ClInclude>
    <ClInclude Include="MonsterManager.h">
      <Filter>ソースファイル\Monsters</Filter>
    </ClInclude>
    <ClInclude Include="Orc.h">
      <Filter>ソースファイル\Monsters</Filter>
    </ClInclude>
    <ClInclude Include="Slime.h">
      <Filter>ソースファイル\Monsters</Filter>
    </ClInclude>
    <ClInclude Include="Skeleton.h">
      <Filter>ソースファイル\Monsters</Filter>
    </ClInclude>
    <ClInclude Include="PlayScene.h">
      <Filter>ソースファイル\Scenes</Filter>
    </ClInclude>
    <ClInclude Include="BaseMonster.h">
      <Filter>ソースファイル\Monsters</Filter>
    </ClInclude>
    <ClInclude Include="Bat.h">
      <Filter>ソースファイル\Monsters</Filter>
    </ClInclude>
    <ClInclude Include="TitleScene.h">
      <Filter>ソースファイル\Scenes</Filter>
    </ClInclude>
    <ClInclude Include="SceneBase.h">
      <Filter>ソースファイル\Scenes</Filter>
    </ClInclude>
    <ClInclude Include="ResultScene.h">
      <Filter>ソースファイル\Scenes</Filter>
    </ClInclude>
    <ClInclude Include="Player.h">
      <Filter>ソースファイル\Player</Filter>
    </ClInclude>
    <ClInclude Include="Collision.h">
      <Filter>ソースファイル\Map</Filter>
    </ClInclude>
    <ClInclude Include="Map.h">
      <Filter>ソースファイル\Map</Filter>
    </ClInclude>
    <ClInclude Include="Bullet.h">
      <Filter>ソースファイル\Player</Filter>
    </ClInclude>
    <ClInclude Include="PlayerObject.h">
      <Filter>ソースファイル\Player</Filter>
    </ClInclude>
    <ClInclude Include="PlayerObjectManager.h">
      <Filter>ソースファイル\Player</Filter>
    </ClInclude>
    <ClInclude Include="Scroll.h">
      <Filter>ソースファイル\Map</Filter>
    </ClInclude>
  </ItemGroup>
  <ItemGroup>
    <Filter Include="ソースファイル">
      <UniqueIdentifier>{94b858ba-e9dd-47c1-9ec2-4dc170bf736f}</UniqueIdentifier>
    </Filter>
    <Filter Include="ソースファイル\Monsters">
      <UniqueIdentifier>{8ac6366e-b61f-4f45-a8b4-265fba459582}</UniqueIdentifier>
    </Filter>
    <Filter Include="ソースファイル\Scenes">
      <UniqueIdentifier>{3d364e8b-8cdb-4f01-90b0-1df6bfc2e0d1}</UniqueIdentifier>
    </Filter>
    <Filter Include="ソースファイル\Map">
      <UniqueIdentifier>{723f6fe4-e00a-43c9-b771-e1e3bba75fd0}</UniqueIdentifier>
    </Filter>
    <Filter Include="ソースファイル\Player">
      <UniqueIdentifier>{093f7e0e-0246-4bdb-b7e0-49c65bd2250e}</UniqueIdentifier>
    </Filter>
  </ItemGroup>
</Project>