<?xml version="1.0" encoding="utf-8"?>
<Project ToolsVersion="4.0" xmlns="http://schemas.microsoft.com/developer/msbuild/2003">
  <ItemGroup>
    <ClCompile Include="BaseMonster.cpp" />
    <ClCompile Include="main.cpp" />
    <ClCompile Include="Map.cpp" />
    <ClCompile Include="Player.cpp" />
    <ClCompile Include="PlayScene.cpp" />
    <ClCompile Include="ResultScene.cpp" />
    <ClCompile Include="SceneBase.cpp" />
    <ClCompile Include="TitleScene.cpp" />
    <ClCompile Include="TimeManager.cpp" />
  </ItemGroup>
  <ItemGroup>
    <ClInclude Include="BaseMonster.h" />
    <ClInclude Include="Map.h" />
    <ClInclude Include="monsterInfo.h" />
    <ClInclude Include="Player.h" />
    <ClInclude Include="PlayScene.h" />
    <ClInclude Include="ResultScene.h" />
    <ClInclude Include="SceneBase.h" />
    <ClInclude Include="TitleScene.h" />
    <ClInclude Include="TimeManager.h" />
  </ItemGroup>
  <ItemGroup>
    <Filter Include="NewFilter1">
      <UniqueIdentifier>{7419e991-8d5a-4412-9996-99a41073ab4e}</UniqueIdentifier>
    </Filter>
  </ItemGroup>
</Project>